
Microsoft Visual Studio Solution File, Format Version 12.00
# Visual Studio 14
VisualStudioVersion = 14.0.25420.1
MinimumVisualStudioVersion = 10.0.40219.1
Project("{FAE04EC0-301F-11D3-BF4B-00C04F79EFBC}") = "Entities", "Entities\Entities.csproj", "{3EF0595E-3FF3-4271-88A2-6041733442EB}"
EndProject
Project("{FAE04EC0-301F-11D3-BF4B-00C04F79EFBC}") = "DataContext", "DataContext\DataContext.csproj", "{1B6A630A-10A2-4185-86F3-3F8F90F7B78C}"
EndProject
Project("{E24C65DC-7377-472B-9ABA-BC803B73C61A}") = "Web", "Web\", "{25D09391-08B6-4C22-9A22-8AE7D0010982}"
	ProjectSection(WebsiteProperties) = preProject
		TargetFrameworkMoniker = ".NETFramework,Version%3Dv4.5.2"
		ProjectReferences = "{3ef0595e-3ff3-4271-88a2-6041733442eb}|Entities.dll;{1b6a630a-10a2-4185-86f3-3f8f90f7b78c}|DataContext.dll;"
		Debug.AspNetCompiler.VirtualPath = "/localhost_25840"
		Debug.AspNetCompiler.PhysicalPath = "Web\"
		Debug.AspNetCompiler.TargetPath = "PrecompiledWeb\localhost_25840\"
		Debug.AspNetCompiler.Updateable = "true"
		Debug.AspNetCompiler.ForceOverwrite = "true"
		Debug.AspNetCompiler.FixedNames = "false"
		Debug.AspNetCompiler.Debug = "True"
		Release.AspNetCompiler.VirtualPath = "/localhost_25840"
		Release.AspNetCompiler.PhysicalPath = "Web\"
		Release.AspNetCompiler.TargetPath = "PrecompiledWeb\localhost_25840\"
		Release.AspNetCompiler.Updateable = "true"
		Release.AspNetCompiler.ForceOverwrite = "true"
		Release.AspNetCompiler.FixedNames = "false"
		Release.AspNetCompiler.Debug = "False"
		VWDPort = "25840"
		SlnRelativePath = "Web\"
		DefaultWebSiteLanguage = "Visual C#"
	EndProjectSection
EndProject
Global
	GlobalSection(SolutionConfigurationPlatforms) = preSolution
		Debug|Any CPU = Debug|Any CPU
		Release|Any CPU = Release|Any CPU
	EndGlobalSection
	GlobalSection(ProjectConfigurationPlatforms) = postSolution
		{3EF0595E-3FF3-4271-88A2-6041733442EB}.Debug|Any CPU.ActiveCfg = Debug|Any CPU
		{3EF0595E-3FF3-4271-88A2-6041733442EB}.Debug|Any CPU.Build.0 = Debug|Any CPU
		{3EF0595E-3FF3-4271-88A2-6041733442EB}.Release|Any CPU.ActiveCfg = Release|Any CPU
		{3EF0595E-3FF3-4271-88A2-6041733442EB}.Release|Any CPU.Build.0 = Release|Any CPU
		{1B6A630A-10A2-4185-86F3-3F8F90F7B78C}.Debug|Any CPU.ActiveCfg = Debug|Any CPU
		{1B6A630A-10A2-4185-86F3-3F8F90F7B78C}.Debug|Any CPU.Build.0 = Debug|Any CPU
		{1B6A630A-10A2-4185-86F3-3F8F90F7B78C}.Release|Any CPU.ActiveCfg = Release|Any CPU
		{1B6A630A-10A2-4185-86F3-3F8F90F7B78C}.Release|Any CPU.Build.0 = Release|Any CPU
		{25D09391-08B6-4C22-9A22-8AE7D0010982}.Debug|Any CPU.ActiveCfg = Debug|Any CPU
		{25D09391-08B6-4C22-9A22-8AE7D0010982}.Debug|Any CPU.Build.0 = Debug|Any CPU
		{25D09391-08B6-4C22-9A22-8AE7D0010982}.Release|Any CPU.ActiveCfg = Debug|Any CPU
		{25D09391-08B6-4C22-9A22-8AE7D0010982}.Release|Any CPU.Build.0 = Debug|Any CPU
	EndGlobalSection
	GlobalSection(SolutionProperties) = preSolution
		HideSolutionNode = FALSE
	EndGlobalSection
EndGlobal
